
Microsoft Visual Studio Solution File, Format Version 12.00
# Visual Studio Version 16
VisualStudioVersion = 16.0.30413.136
MinimumVisualStudioVersion = 10.0.40219.1
Project("{FAE04EC0-301F-11D3-BF4B-00C04F79EFBC}") = "DepremAnalizSistemi", "DepremAnalizSistemi\DepremAnalizSistemi.csproj", "{C1648A31-1CE9-4D45-91C7-F025A88A7B78}"
EndProject
Project("{FAE04EC0-301F-11D3-BF4B-00C04F79EFBC}") = "VeriCek", "VeriCek\VeriCek.csproj", "{80A7ABD1-1D0F-46B7-B9B9-DD6EE9F4629C}"
EndProject
Global
	GlobalSection(SolutionConfigurationPlatforms) = preSolution
		Debug|Any CPU = Debug|Any CPU
		Release|Any CPU = Release|Any CPU
	EndGlobalSection
	GlobalSection(ProjectConfigurationPlatforms) = postSolution
		{C1648A31-1CE9-4D45-91C7-F025A88A7B78}.Debug|Any CPU.ActiveCfg = Debug|Any CPU
		{C1648A31-1CE9-4D45-91C7-F025A88A7B78}.Debug|Any CPU.Build.0 = Debug|Any CPU
		{C1648A31-1CE9-4D45-91C7-F025A88A7B78}.Release|Any CPU.ActiveCfg = Release|Any CPU
		{C1648A31-1CE9-4D45-91C7-F025A88A7B78}.Release|Any CPU.Build.0 = Release|Any CPU
		{80A7ABD1-1D0F-46B7-B9B9-DD6EE9F4629C}.Debug|Any CPU.ActiveCfg = Debug|Any CPU
		{80A7ABD1-1D0F-46B7-B9B9-DD6EE9F4629C}.Debug|Any CPU.Build.0 = Debug|Any CPU
		{80A7ABD1-1D0F-46B7-B9B9-DD6EE9F4629C}.Release|Any CPU.ActiveCfg = Release|Any CPU
		{80A7ABD1-1D0F-46B7-B9B9-DD6EE9F4629C}.Release|Any CPU.Build.0 = Release|Any CPU
	EndGlobalSection
	GlobalSection(SolutionProperties) = preSolution
		HideSolutionNode = FALSE
	EndGlobalSection
	GlobalSection(ExtensibilityGlobals) = postSolution
		SolutionGuid = {8C6550FF-BFC9-4AB8-9918-68AE0892CCB2}
	EndGlobalSection
EndGlobal
